
Microsoft Visual Studio Solution File, Format Version 12.00
# Visual Studio Version 17
VisualStudioVersion = 17.9.34607.119
MinimumVisualStudioVersion = 10.0.40219.1
Project("{FAE04EC0-301F-11D3-BF4B-00C04F79EFBC}") = "Server", "Server.csproj", "{6A1DC17F-941B-4613-857C-EE0AA580250E}"
EndProject
Global
	GlobalSection(SolutionConfigurationPlatforms) = preSolution
		Debug|Any CPU = Debug|Any CPU
		Release|Any CPU = Release|Any CPU
	EndGlobalSection
	GlobalSection(ProjectConfigurationPlatforms) = postSolution
		{6A1DC17F-941B-4613-857C-EE0AA580250E}.Debug|Any CPU.ActiveCfg = Debug|Any CPU
		{6A1DC17F-941B-4613-857C-EE0AA580250E}.Debug|Any CPU.Build.0 = Debug|Any CPU
		{6A1DC17F-941B-4613-857C-EE0AA580250E}.Release|Any CPU.ActiveCfg = Release|Any CPU
		{6A1DC17F-941B-4613-857C-EE0AA580250E}.Release|Any CPU.Build.0 = Release|Any CPU
	EndGlobalSection
	GlobalSection(SolutionProperties) = preSolution
		HideSolutionNode = FALSE
	EndGlobalSection
	GlobalSection(ExtensibilityGlobals) = postSolution
		SolutionGuid = {C38E962D-2897-4E90-950B-2937723E43AD}
	EndGlobalSection
EndGlobal
